
Microsoft Visual Studio Solution File, Format Version 12.00
# Visual Studio Version 16
VisualStudioVersion = 16.0.28803.156
MinimumVisualStudioVersion = 10.0.40219.1
Project("{9A19103F-16F7-4668-BE54-9A1E7A4F7556}") = "Crossdox", "Crossdox\Crossdox.csproj", "{B852DB5D-B123-4197-826A-639AE003E057}"
EndProject
Global
	GlobalSection(SolutionConfigurationPlatforms) = preSolution
		Debug|Any CPU = Debug|Any CPU
		Release|Any CPU = Release|Any CPU
	EndGlobalSection
	GlobalSection(ProjectConfigurationPlatforms) = postSolution
		{B852DB5D-B123-4197-826A-639AE003E057}.Debug|Any CPU.ActiveCfg = Debug|Any CPU
		{B852DB5D-B123-4197-826A-639AE003E057}.Debug|Any CPU.Build.0 = Debug|Any CPU
		{B852DB5D-B123-4197-826A-639AE003E057}.Release|Any CPU.ActiveCfg = Release|Any CPU
		{B852DB5D-B123-4197-826A-639AE003E057}.Release|Any CPU.Build.0 = Release|Any CPU
	EndGlobalSection
	GlobalSection(SolutionProperties) = preSolution
		HideSolutionNode = FALSE
	EndGlobalSection
	GlobalSection(ExtensibilityGlobals) = postSolution
		SolutionGuid = {F57914B1-6AF3-4D6E-846E-2C97E387CE31}
	EndGlobalSection
EndGlobal
